
Microsoft Visual Studio Solution File, Format Version 12.00
# Visual Studio 15
VisualStudioVersion = 15.0.28307.1525
MinimumVisualStudioVersion = 10.0.40219.1
Project("{FAE04EC0-301F-11D3-BF4B-00C04F79EFBC}") = "Factorial finder", "Factorial finder\Factorial finder.csproj", "{FFFF28E9-8374-4486-B737-63C9079A550A}"
EndProject
Global
	GlobalSection(SolutionConfigurationPlatforms) = preSolution
		Debug|Any CPU = Debug|Any CPU
		Release|Any CPU = Release|Any CPU
	EndGlobalSection
	GlobalSection(ProjectConfigurationPlatforms) = postSolution
		{FFFF28E9-8374-4486-B737-63C9079A550A}.Debug|Any CPU.ActiveCfg = Debug|Any CPU
		{FFFF28E9-8374-4486-B737-63C9079A550A}.Debug|Any CPU.Build.0 = Debug|Any CPU
		{FFFF28E9-8374-4486-B737-63C9079A550A}.Release|Any CPU.ActiveCfg = Release|Any CPU
		{FFFF28E9-8374-4486-B737-63C9079A550A}.Release|Any CPU.Build.0 = Release|Any CPU
	EndGlobalSection
	GlobalSection(SolutionProperties) = preSolution
		HideSolutionNode = FALSE
	EndGlobalSection
	GlobalSection(ExtensibilityGlobals) = postSolution
		SolutionGuid = {E9C23DA2-D7EB-4F6C-9FCA-E39042C1BAEB}
	EndGlobalSection
EndGlobal
